PODS:
  - Classy (0.2.4)
  - ClassyLiveLayout (0.5.0):
    - Classy
    - Masonry
  - DCIntrospect-ARC (0.0.6)
  - dyci (0.1.5.20140124):
    - dyci/Core
    - dyci/Helpers
    - dyci/Injections
    - dyci/UIKit Support
  - dyci/Core (0.1.5.20140124)
  - dyci/Helpers (0.1.5.20140124)
  - dyci/Injections (0.1.5.20140124)
  - dyci/UIKit Support (0.1.5.20140124)
  - libextobjc (0.4):
    - libextobjc/EXTADT
    - libextobjc/EXTConcreteProtocol
    - libextobjc/EXTKeyPathCoding
    - libextobjc/EXTNil
    - libextobjc/EXTSafeCategory
    - libextobjc/EXTScope
    - libextobjc/EXTSelectorChecking
    - libextobjc/EXTSynthesize
    - libextobjc/NSInvocation+EXT
    - libextobjc/NSMethodSignature+EXT
    - libextobjc/RuntimeExtensions
    - libextobjc/UmbrellaHeader
  - libextobjc/EXTADT (0.4):
    - libextobjc/RuntimeExtensions
  - libextobjc/EXTConcreteProtocol (0.4):
    - libextobjc/RuntimeExtensions
  - libextobjc/EXTKeyPathCoding (0.4):
    - libextobjc/RuntimeExtensions
  - libextobjc/EXTNil (0.4):
    - libextobjc/RuntimeExtensions
  - libextobjc/EXTSafeCategory (0.4):
    - libextobjc/RuntimeExtensions
  - libextobjc/EXTScope (0.4):
    - libextobjc/RuntimeExtensions
  - libextobjc/EXTSelectorChecking (0.4):
    - libextobjc/RuntimeExtensions
  - libextobjc/EXTSynthesize (0.4):
    - libextobjc/RuntimeExtensions
  - libextobjc/NSInvocation+EXT (0.4):
    - libextobjc/RuntimeExtensions
  - libextobjc/NSMethodSignature+EXT (0.4):
    - libextobjc/RuntimeExtensions
  - libextobjc/RuntimeExtensions (0.4)
  - libextobjc/UmbrellaHeader (0.4)
  - Mantle (1.4.1):
    - Mantle/extobjc
  - Mantle/extobjc (1.4.1)
  - Masonry (0.4.0)
  - MMDrawerController (0.5.5):
    - MMDrawerController/Core
    - MMDrawerController/MMDrawerBarButtonItem
    - MMDrawerController/MMDrawerVisualStates
    - MMDrawerController/Subclass
  - MMDrawerController/Core (0.5.5)
  - MMDrawerController/MMDrawerBarButtonItem (0.5.5):
    - MMDrawerController/Core
  - MMDrawerController/MMDrawerVisualStates (0.5.5):
    - MMDrawerController/Core
  - MMDrawerController/Subclass (0.5.5):
    - MMDrawerController/Core
  - NSArray+Functional (1.0.0)
  - pop (1.0.4)
  - ReactiveCocoa (2.3):
    - ReactiveCocoa/UI
  - ReactiveCocoa/Core (2.3):
    - ReactiveCocoa/no-arc
  - ReactiveCocoa/no-arc (2.3)
  - ReactiveCocoa/UI (2.3):
    - ReactiveCocoa/Core

DEPENDENCIES:
  - Classy (~> 0.2.4)
  - ClassyLiveLayout (~> 0.5.0)
  - DCIntrospect-ARC (from `https://github.com/sorenu/DCIntrospect-ARC.git`)
  - dyci (from `https://github.com/DyCI/dyci-main.git`)
  - libextobjc
  - Mantle
  - Masonry
  - MMDrawerController
  - NSArray+Functional
  - pop (~> 1.0.4)
  - ReactiveCocoa

EXTERNAL SOURCES:
  DCIntrospect-ARC:
    :git: https://github.com/sorenu/DCIntrospect-ARC.git
  dyci:
    :git: https://github.com/DyCI/dyci-main.git

SPEC CHECKSUMS:
  Classy: 558fdea4332e29c9c5a2c7a8687c385e11ae463b
  ClassyLiveLayout: 029fc037732107d2c051438046e79d751b483e59
  DCIntrospect-ARC: 41cae8dbe48748e77a4466963896df13889df041
  dyci: a547f35263983aad987afa301ba0a10d2d160c51
  libextobjc: 2c9fc8226f0f38e562587f65172f93f0c9b4a47a
  Mantle: 0714cdb2b8559d9e6c2410d6a8529e3307bff189
  Masonry: d673617c9cbc24aaea90fba20b10e47fd9970a39
  MMDrawerController: fb6a17a3e2d1cb4f5f4a411915703b3569cdb227
  NSArray+Functional: 2fb24f1533c1380a595ed1da347bd4ec705f5495
  pop: 63a4f5e8942077fed2efe195036ecc572c71c48c
  ReactiveCocoa: dde7b11a14954edf789e7343b2c32e595caabd01

COCOAPODS: 0.32.1
